
Microsoft Visual Studio Solution File, Format Version 12.00
# Visual Studio Version 17
VisualStudioVersion = 17.8.34601.278
MinimumVisualStudioVersion = 10.0.40219.1
Project("{FAE04EC0-301F-11D3-BF4B-00C04F79EFBC}") = "ДЗ№1", "ДЗ№1.csproj", "{CC28C21A-E2F0-4DFD-93BD-178613D4A36C}"
EndProject
Global
	GlobalSection(SolutionConfigurationPlatforms) = preSolution
		Debug|Any CPU = Debug|Any CPU
		Release|Any CPU = Release|Any CPU
	EndGlobalSection
	GlobalSection(ProjectConfigurationPlatforms) = postSolution
		{CC28C21A-E2F0-4DFD-93BD-178613D4A36C}.Debug|Any CPU.ActiveCfg = Debug|Any CPU
		{CC28C21A-E2F0-4DFD-93BD-178613D4A36C}.Debug|Any CPU.Build.0 = Debug|Any CPU
		{CC28C21A-E2F0-4DFD-93BD-178613D4A36C}.Release|Any CPU.ActiveCfg = Release|Any CPU
		{CC28C21A-E2F0-4DFD-93BD-178613D4A36C}.Release|Any CPU.Build.0 = Release|Any CPU
	EndGlobalSection
	GlobalSection(SolutionProperties) = preSolution
		HideSolutionNode = FALSE
	EndGlobalSection
	GlobalSection(ExtensibilityGlobals) = postSolution
		SolutionGuid = {A4651730-D919-43F3-873D-4E282024613D}
	EndGlobalSection
EndGlobal
